// !$*UTF8*$!
{
	archiveVersion = 1;
	classes = {
	};
	objectVersion = 46;
	objects = {

/* Begin PBXBuildFile section */
		52527CCDA31D87D8CFE668B1 /* Pods_MovieViewer.framework in Frameworks */ = {isa = PBXBuildFile; fileRef = EA846BA307B726EC7F709BD1 /* Pods_MovieViewer.framework */; };
		BF551E091DB6CA9400A9B27D /* DetailViewController.swift in Sources */ = {isa = PBXBuildFile; fileRef = BF551E081DB6CA9400A9B27D /* DetailViewController.swift */; };
		BFD680101DB5D9160037B865 /* AppDelegate.swift in Sources */ = {isa = PBXBuildFile; fileRef = BFD6800F1DB5D9160037B865 /* AppDelegate.swift */; };
		BFD680151DB5D9160037B865 /* Main.storyboard in Resources */ = {isa = PBXBuildFile; fileRef = BFD680131DB5D9160037B865 /* Main.storyboard */; };
		BFD680171DB5D9160037B865 /* Assets.xcassets in Resources */ = {isa = PBXBuildFile; fileRef = BFD680161DB5D9160037B865 /* Assets.xcassets */; };
		BFD6801A1DB5D9160037B865 /* LaunchScreen.storyboard in Resources */ = {isa = PBXBuildFile; fileRef = BFD680181DB5D9160037B865 /* LaunchScreen.storyboard */; };
		BFD680221DB5D9800037B865 /* MoviesViewController.swift in Sources */ = {isa = PBXBuildFile; fileRef = BFD680211DB5D9800037B865 /* MoviesViewController.swift */; };
		BFD680251DB5DDDE0037B865 /* MovieCell.swift in Sources */ = {isa = PBXBuildFile; fileRef = BFD680241DB5DDDE0037B865 /* MovieCell.swift */; };
/* End PBXBuildFile section */

/* Begin PBXFileReference section */
		11128076C8370306AE0842DB /* Pods-MovieViewer.debug.xcconfig */ = {isa = PBXFileReference; includeInIndex = 1; lastKnownFileType = text.xcconfig; name = "Pods-MovieViewer.debug.xcconfig"; path = "Pods/Target Support Files/Pods-MovieViewer/Pods-MovieViewer.debug.xcconfig"; sourceTree = "<group>"; };
		BF551E081DB6CA9400A9B27D /* DetailViewController.swift */ = {isa = PBXFileReference; fileEncoding = 4; lastKnownFileType = sourcecode.swift; path = DetailViewController.swift; sourceTree = "<group>"; };
		BFD6800C1DB5D9160037B865 /* MovieViewer.app */ = {isa = PBXFileReference; explicitFileType = wrapper.application; includeInIndex = 0; path = MovieViewer.app; sourceTree = BUILT_PRODUCTS_DIR; };
		BFD6800F1DB5D9160037B865 /* AppDelegate.swift */ = {isa = PBXFileReference; lastKnownFileType = sourcecode.swift; path = AppDelegate.swift; sourceTree = "<group>"; };
		BFD680141DB5D9160037B865 /* Base */ = {isa = PBXFileReference; lastKnownFileType = file.storyboard; name = Base; path = Base.lproj/Main.storyboard; sourceTree = "<group>"; };
		BFD680161DB5D9160037B865 /* Assets.xcassets */ = {isa = PBXFileReference; lastKnownFileType = folder.assetcatalog; path = Assets.xcassets; sourceTree = "<group>"; };
		BFD680191DB5D9160037B865 /* Base */ = {isa = PBXFileReference; lastKnownFileType = file.storyboard; name = Base; path = Base.lproj/LaunchScreen.storyboard; sourceTree = "<group>"; };
		BFD6801B1DB5D9160037B865 /* Info.plist */ = {isa = PBXFileReference; lastKnownFileType = text.plist.xml; path = Info.plist; sourceTree = "<group>"; };
		BFD680211DB5D9800037B865 /* MoviesViewController.swift */ = {isa = PBXFileReference; fileEncoding = 4; lastKnownFileType = sourcecode.swift; path = MoviesViewController.swift; sourceTree = "<group>"; };
		BFD680241DB5DDDE0037B865 /* MovieCell.swift */ = {isa = PBXFileReference; fileEncoding = 4; lastKnownFileType = sourcecode.swift; path = MovieCell.swift; sourceTree = "<group>"; };
		E444F2CCA7A89F06CAA57EB8 /* Pods-MovieViewer.release.xcconfig */ = {isa = PBXFileReference; includeInIndex = 1; lastKnownFileType = text.xcconfig; name = "Pods-MovieViewer.release.xcconfig"; path = "Pods/Target Support Files/Pods-MovieViewer/Pods-MovieViewer.release.xcconfig"; sourceTree = "<group>"; };
		EA846BA307B726EC7F709BD1 /* Pods_MovieViewer.framework */ = {isa = PBXFileReference; explicitFileType = wrapper.framework; includeInIndex = 0; path = Pods_MovieViewer.framework; sourceTree = BUILT_PRODUCTS_DIR; };
/* End PBXFileReference section */

/* Begin PBXFrameworksBuildPhase section */
		BFD680091DB5D9160037B865 /* Frameworks */ = {
			isa = PBXFrameworksBuildPhase;
			buildActionMask = 2147483647;
			files = (
				52527CCDA31D87D8CFE668B1 /* Pods_MovieViewer.framework in Frameworks */,
			);
			runOnlyForDeploymentPostprocessing = 0;
		};
/* End PBXFrameworksBuildPhase section */

/* Begin PBXGroup section */
		2F628E3D7FB4583F8C7FCC27 /* Pods */ = {
			isa = PBXGroup;
			children = (
				11128076C8370306AE0842DB /* Pods-MovieViewer.debug.xcconfig */,
				E444F2CCA7A89F06CAA57EB8 /* Pods-MovieViewer.release.xcconfig */,
			);
			name = Pods;
			sourceTree = "<group>";
		};
		BDD87086A5699A43411CA7BA /* Frameworks */ = {
			isa = PBXGroup;
			children = (
				EA846BA307B726EC7F709BD1 /* Pods_MovieViewer.framework */,
			);
			name = Frameworks;
			sourceTree = "<group>";
		};
		BFD680031DB5D9160037B865 = {
			isa = PBXGroup;
			children = (
				BFD6800E1DB5D9160037B865 /* MovieViewer */,
				BFD6800D1DB5D9160037B865 /* Products */,
				2F628E3D7FB4583F8C7FCC27 /* Pods */,
				BDD87086A5699A43411CA7BA /* Frameworks */,
			);
			sourceTree = "<group>";
		};
		BFD6800D1DB5D9160037B865 /* Products */ = {
			isa = PBXGroup;
			children = (
				BFD6800C1DB5D9160037B865 /* MovieViewer.app */,
			);
			name = Products;
			sourceTree = "<group>";
		};
		BFD6800E1DB5D9160037B865 /* MovieViewer */ = {
			isa = PBXGroup;
			children = (
				BFD680261DB5DDE10037B865 /* View Controllers */,
				BFD680231DB5DDA30037B865 /* Views */,
				BFD6800F1DB5D9160037B865 /* AppDelegate.swift */,
				BFD680131DB5D9160037B865 /* Main.storyboard */,
				BFD680161DB5D9160037B865 /* Assets.xcassets */,
				BFD680181DB5D9160037B865 /* LaunchScreen.storyboard */,
				BFD6801B1DB5D9160037B865 /* Info.plist */,
			);
			path = MovieViewer;
			sourceTree = "<group>";
		};
		BFD680231DB5DDA30037B865 /* Views */ = {
			isa = PBXGroup;
			children = (
				BFD680241DB5DDDE0037B865 /* MovieCell.swift */,
			);
			name = Views;
			sourceTree = "<group>";
		};
		BFD680261DB5DDE10037B865 /* View Controllers */ = {
			isa = PBXGroup;
			children = (
				BFD680211DB5D9800037B865 /* MoviesViewController.swift */,
				BF551E081DB6CA9400A9B27D /* DetailViewController.swift */,
			);
			name = "View Controllers";
			sourceTree = "<group>";
		};
/* End PBXGroup section */

/* Begin PBXNativeTarget section */
		BFD6800B1DB5D9160037B865 /* MovieViewer */ = {
			isa = PBXNativeTarget;
			buildConfigurationList = BFD6801E1DB5D9160037B865 /* Build configuration list for PBXNativeTarget "MovieViewer" */;
			buildPhases = (
				CF6ADCE56AFCDB2B612FF356 /* [CP] Check Pods Manifest.lock */,
				BFD680081DB5D9160037B865 /* Sources */,
				BFD680091DB5D9160037B865 /* Frameworks */,
				BFD6800A1DB5D9160037B865 /* Resources */,
				4BCCCE318FB117C55AF8D9CE /* [CP] Embed Pods Frameworks */,
				F074C67DC21C94664DA0FBD6 /* [CP] Copy Pods Resources */,
			);
			buildRules = (
			);
			dependencies = (
			);
			name = MovieViewer;
			productName = MovieViewer;
			productReference = BFD6800C1DB5D9160037B865 /* MovieViewer.app */;
			productType = "com.apple.product-type.application";
		};
/* End PBXNativeTarget section */

/* Begin PBXProject section */
		BFD680041DB5D9160037B865 /* Project object */ = {
			isa = PBXProject;
			attributes = {
				LastSwiftUpdateCheck = 0800;
				LastUpgradeCheck = 0800;
				ORGANIZATIONNAME = jasmine_lee;
				TargetAttributes = {
					BFD6800B1DB5D9160037B865 = {
						CreatedOnToolsVersion = 8.0;
						ProvisioningStyle = Automatic;
					};
				};
			};
			buildConfigurationList = BFD680071DB5D9160037B865 /* Build configuration list for PBXProject "MovieViewer" */;
			compatibilityVersion = "Xcode 3.2";
			developmentRegion = English;
			hasScannedForEncodings = 0;
			knownRegions = (
				en,
				Base,
			);
			mainGroup = BFD680031DB5D9160037B865;
			productRefGroup = BFD6800D1DB5D9160037B865 /* Products */;
			projectDirPath = "";
			projectRoot = "";
			targets = (
				BFD6800B1DB5D9160037B865 /* MovieViewer */,
			);
		};
/* End PBXProject section */

/* Begin PBXResourcesBuildPhase section */
		BFD6800A1DB5D9160037B865 /* Resources */ = {
			isa = PBXResourcesBuildPhase;
			buildActionMask = 2147483647;
			files = (
				BFD6801A1DB5D9160037B865 /* LaunchScreen.storyboard in Resources */,
				BFD680171DB5D9160037B865 /* Assets.xcassets in Resources */,
				BFD680151DB5D9160037B865 /* Main.storyboard in Resources */,
			);
			runOnlyForDeploymentPostprocessing = 0;
		};
/* End PBXResourcesBuildPhase section */

/* Begin PBXShellScriptBuildPhase section */
		4BCCCE318FB117C55AF8D9CE /* [CP] Embed Pods Frameworks */ = {
			isa = PBXShellScriptBuildPhase;
			buildActionMask = 2147483647;
			files = (
			);
			inputPaths = (
			);
			name = "[CP] Embed Pods Frameworks";
			outputPaths = (
			);
			runOnlyForDeploymentPostprocessing = 0;
			shellPath = /bin/sh;
			shellScript = "\"${SRCROOT}/Pods/Target Support Files/Pods-MovieViewer/Pods-MovieViewer-frameworks.sh\"\n";
			showEnvVarsInLog = 0;
		};
		CF6ADCE56AFCDB2B612FF356 /* [CP] Check Pods Manifest.lock */ = {
			isa = PBXShellScriptBuildPhase;
			buildActionMask = 2147483647;
			files = (
			);
			inputPaths = (
			);
			name = "[CP] Check Pods Manifest.lock";
			outputPaths = (
			);
			runOnlyForDeploymentPostprocessing = 0;
			shellPath = /bin/sh;
			shellScript = "diff \"${PODS_ROOT}/../Podfile.lock\" \"${PODS_ROOT}/Manifest.lock\" > /dev/null\nif [[ $? != 0 ]] ; then\n    cat << EOM\nerror: The sandbox is not in sync with the Podfile.lock. Run 'pod install' or update your CocoaPods installation.\nEOM\n    exit 1\nfi\n";
			showEnvVarsInLog = 0;
		};
		F074C67DC21C94664DA0FBD6 /* [CP] Copy Pods Resources */ = {
			isa = PBXShellScriptBuildPhase;
			buildActionMask = 2147483647;
			files = (
			);
			inputPaths = (
			);
			name = "[CP] Copy Pods Resources";
			outputPaths = (
			);
			runOnlyForDeploymentPostprocessing = 0;
			shellPath = /bin/sh;
			shellScript = "\"${SRCROOT}/Pods/Target Support Files/Pods-MovieViewer/Pods-MovieViewer-resources.sh\"\n";
			showEnvVarsInLog = 0;
		};
/* End PBXShellScriptBuildPhase section */

/* Begin PBXSourcesBuildPhase section */
		BFD680081DB5D9160037B865 /* Sources */ = {
			isa = PBXSourcesBuildPhase;
			buildActionMask = 2147483647;
			files = (
				BFD680101DB5D9160037B865 /* AppDelegate.swift in Sources */,
				BFD680221DB5D9800037B865 /* MoviesViewController.swift in Sources */,
				BFD680251DB5DDDE0037B865 /* MovieCell.swift in Sources */,
				BF551E091DB6CA9400A9B27D /* DetailViewController.swift in Sources */,
			);
			runOnlyForDeploymentPostprocessing = 0;
		};
/* End PBXSourcesBuildPhase section */

/* Begin PBXVariantGroup section */
		BFD680131DB5D9160037B865 /* Main.storyboard */ = {
			isa = PBXVariantGroup;
			children = (
				BFD680141DB5D9160037B865 /* Base */,
			);
			name = Main.storyboard;
			sourceTree = "<group>";
		};
		BFD680181DB5D9160037B865 /* LaunchScreen.storyboard */ = {
			isa = PBXVariantGroup;
			children = (
				BFD680191DB5D9160037B865 /* Base */,
			);
			name = LaunchScreen.storyboard;
			sourceTree = "<group>";
		};
/* End PBXVariantGroup section */

/* Begin XCBuildConfiguration section */
		BFD6801C1DB5D9160037B865 /* Debug */ = {
			isa = XCBuildConfiguration;
			buildSettings = {
				ALWAYS_SEARCH_USER_PATHS = NO;
				CLANG_ANALYZER_NONNULL = YES;
				CLANG_CXX_LANGUAGE_STANDARD = "gnu++0x";
				CLANG_CXX_LIBRARY = "libc++";
				CLANG_ENABLE_MODULES = YES;
				CLANG_ENABLE_OBJC_ARC = YES;
				CLANG_WARN_BOOL_CONVERSION = YES;
				CLANG_WARN_CONSTANT_CONVERSION = YES;
				CLANG_WARN_DIRECT_OBJC_ISA_USAGE = YES_ERROR;
				CLANG_WARN_DOCUMENTATION_COMMENTS = YES;
				CLANG_WARN_EMPTY_BODY = YES;
				CLANG_WARN_ENUM_CONVERSION = YES;
				CLANG_WARN_INFINITE_RECURSION = YES;
				CLANG_WARN_INT_CONVERSION = YES;
				CLANG_WARN_OBJC_ROOT_CLASS = YES_ERROR;
				CLANG_WARN_SUSPICIOUS_MOVES = YES;
				CLANG_WARN_UNREACHABLE_CODE = YES;
				CLANG_WARN__DUPLICATE_METHOD_MATCH = YES;
				"CODE_SIGN_IDENTITY[sdk=iphoneos*]" = "iPhone Developer";
				COPY_PHASE_STRIP = NO;
				DEBUG_INFORMATION_FORMAT = dwarf;
				ENABLE_STRICT_OBJC_MSGSEND = YES;
				ENABLE_TESTABILITY = YES;
				GCC_C_LANGUAGE_STANDARD = gnu99;
				GCC_DYNAMIC_NO_PIC = NO;
				GCC_NO_COMMON_BLOCKS = YES;
				GCC_OPTIMIZATION_LEVEL = 0;
				GCC_PREPROCESSOR_DEFINITIONS = (
					"DEBUG=1",
					"$(inherited)",
				);
				GCC_WARN_64_TO_32_BIT_CONVERSION = YES;
				GCC_WARN_ABOUT_RETURN_TYPE = YES_ERROR;
				GCC_WARN_UNDECLARED_SELECTOR = YES;
				GCC_WARN_UNINITIALIZED_AUTOS = YES_AGGRESSIVE;
				GCC_WARN_UNUSED_FUNCTION = YES;
				GCC_WARN_UNUSED_VARIABLE = YES;
				IPHONEOS_DEPLOYMENT_TARGET = 10.0;
				MTL_ENABLE_DEBUG_INFO = YES;
				ONLY_ACTIVE_ARCH = YES;
				SDKROOT = iphoneos;
				SWIFT_ACTIVE_COMPILATION_CONDITIONS = DEBUG;
				SWIFT_OPTIMIZATION_LEVEL = "-Onone";
				TARGETED_DEVICE_FAMILY = "1,2";
			};
			name = Debug;
		};
		BFD6801D1DB5D9160037B865 /* Release */ = {
			isa = XCBuildConfiguration;
			buildSettings = {
				ALWAYS_SEARCH_USER_PATHS = NO;
				CLANG_ANALYZER_NONNULL = YES;
				CLANG_CXX_LANGUAGE_STANDARD = "gnu++0x";
				CLANG_CXX_LIBRARY = "libc++";
				CLANG_ENABLE_MODULES = YES;
				CLANG_ENABLE_OBJC_ARC = YES;
				CLANG_WARN_BOOL_CONVERSION = YES;
				CLANG_WARN_CONSTANT_CONVERSION = YES;
				CLANG_WARN_DIRECT_OBJC_ISA_USAGE = YES_ERROR;
				CLANG_WARN_DOCUMENTATION_COMMENTS = YES;
				CLANG_WARN_EMPTY_BODY = YES;
				CLANG_WARN_ENUM_CONVERSION = YES;
				CLANG_WARN_INFINITE_RECURSION = YES;
				CLANG_WARN_INT_CONVERSION = YES;
				CLANG_WARN_OBJC_ROOT_CLASS = YES_ERROR;
				CLANG_WARN_SUSPICIOUS_MOVES = YES;
				CLANG_WARN_UNREACHABLE_CODE = YES;
				CLANG_WARN__DUPLICATE_METHOD_MATCH = YES;
				"CODE_SIGN_IDENTITY[sdk=iphoneos*]" = "iPhone Developer";
				COPY_PHASE_STRIP = NO;
				DEBUG_INFORMATION_FORMAT = "dwarf-with-dsym";
				ENABLE_NS_ASSERTIONS = NO;
				ENABLE_STRICT_OBJC_MSGSEND = YES;
				GCC_C_LANGUAGE_STANDARD = gnu99;
				GCC_NO_COMMON_BLOCKS = YES;
				GCC_WARN_64_TO_32_BIT_CONVERSION = YES;
				GCC_WARN_ABOUT_RETURN_TYPE = YES_ERROR;
				GCC_WARN_UNDECLARED_SELECTOR = YES;
				GCC_WARN_UNINITIALIZED_AUTOS = YES_AGGRESSIVE;
				GCC_WARN_UNUSED_FUNCTION = YES;
				GCC_WARN_UNUSED_VARIABLE = YES;
				IPHONEOS_DEPLOYMENT_TARGET = 10.0;
				MTL_ENABLE_DEBUG_INFO = NO;
				SDKROOT = iphoneos;
				SWIFT_OPTIMIZATION_LEVEL = "-Owholemodule";
				TARGETED_DEVICE_FAMILY = "1,2";
				VALIDATE_PRODUCT = YES;
			};
			name = Release;
		};
		BFD6801F1DB5D9160037B865 /* Debug */ = {
			isa = XCBuildConfiguration;
			baseConfigurationReference = 11128076C8370306AE0842DB /* Pods-MovieViewer.debug.xcconfig */;
			buildSettings = {
				ASSETCATALOG_COMPILER_APPICON_NAME = AppIcon;
				DEBUG_ACTIVITY_MODE = "";
				"DEBUG_ACTIVITY_MODE[sdk=iphonesimulator*]" = disable;
				INFOPLIST_FILE = MovieViewer/Info.plist;
				LD_RUNPATH_SEARCH_PATHS = "$(inherited) @executable_path/Frameworks";
				PRODUCT_BUNDLE_IDENTIFIER = airbnb.MovieViewer;
				PRODUCT_NAME = "$(TARGET_NAME)";
				SWIFT_VERSION = 3.0;
			};
			name = Debug;
		};
		BFD680201DB5D9160037B865 /* Release */ = {
			isa = XCBuildConfiguration;
			baseConfigurationReference = E444F2CCA7A89F06CAA57EB8 /* Pods-MovieViewer.release.xcconfig */;
			buildSettings = {
				ASSETCATALOG_COMPILER_APPICON_NAME = AppIcon;
				DEBUG_ACTIVITY_MODE = "";
				INFOPLIST_FILE = MovieViewer/Info.plist;
				LD_RUNPATH_SEARCH_PATHS = "$(inherited) @executable_path/Frameworks";
				PRODUCT_BUNDLE_IDENTIFIER = airbnb.MovieViewer;
				PRODUCT_NAME = "$(TARGET_NAME)";
				SWIFT_VERSION = 3.0;
			};
			name = Release;
		};
/* End XCBuildConfiguration section */

/* Begin XCConfigurationList section */
		BFD680071DB5D9160037B865 /* Build configuration list for PBXProject "MovieViewer" */ = {
			isa = XCConfigurationList;
			buildConfigurations = (
				BFD6801C1DB5D9160037B865 /* Debug */,
				BFD6801D1DB5D9160037B865 /* Release */,
			);
			defaultConfigurationIsVisible = 0;
			defaultConfigurationName = Release;
		};
		BFD6801E1DB5D9160037B865 /* Build configuration list for PBXNativeTarget "MovieViewer" */ = {
			isa = XCConfigurationList;
			buildConfigurations = (
				BFD6801F1DB5D9160037B865 /* Debug */,
				BFD680201DB5D9160037B865 /* Release */,
			);
			defaultConfigurationIsVisible = 0;
			defaultConfigurationName = Release;
		};
/* End XCConfigurationList section */
	};
	rootObject = BFD680041DB5D9160037B865 /* Project object */;
}
